
Microsoft Visual Studio Solution File, Format Version 12.00
# Visual Studio Version 17
VisualStudioVersion = 17.3.32811.315
MinimumVisualStudioVersion = 10.0.40219.1
Project("{FAE04EC0-301F-11D3-BF4B-00C04F79EFBC}") = "Parcial_Espinoza.AppWin", "Parcial_Espinoza.AppWin\Parcial_Espinoza.AppWin.csproj", "{10CAB9E7-06D4-4535-AD89-F4F18DA8D411}"
EndProject
Global
	GlobalSection(SolutionConfigurationPlatforms) = preSolution
		Debug|Any CPU = Debug|Any CPU
		Release|Any CPU = Release|Any CPU
	EndGlobalSection
	GlobalSection(ProjectConfigurationPlatforms) = postSolution
		{10CAB9E7-06D4-4535-AD89-F4F18DA8D411}.Debug|Any CPU.ActiveCfg = Debug|Any CPU
		{10CAB9E7-06D4-4535-AD89-F4F18DA8D411}.Debug|Any CPU.Build.0 = Debug|Any CPU
		{10CAB9E7-06D4-4535-AD89-F4F18DA8D411}.Release|Any CPU.ActiveCfg = Release|Any CPU
		{10CAB9E7-06D4-4535-AD89-F4F18DA8D411}.Release|Any CPU.Build.0 = Release|Any CPU
	EndGlobalSection
	GlobalSection(SolutionProperties) = preSolution
		HideSolutionNode = FALSE
	EndGlobalSection
	GlobalSection(ExtensibilityGlobals) = postSolution
		SolutionGuid = {8771C37A-8101-443A-97CD-628D4A12FFB3}
	EndGlobalSection
EndGlobal
